
Microsoft Visual Studio Solution File, Format Version 12.00
# Visual Studio Version 16
VisualStudioVersion = 16.0.30621.155
MinimumVisualStudioVersion = 10.0.40219.1
Project("{9A19103F-16F7-4668-BE54-9A1E7A4F7556}") = "Producer", "Producer\Producer.csproj", "{41DE5DE7-065C-41DC-86A5-21DAC317D6A4}"
EndProject
Project("{9A19103F-16F7-4668-BE54-9A1E7A4F7556}") = "Consumer", "Consumer\Consumer.csproj", "{B8B4581B-230D-4C47-B300-6CBC60317822}"
EndProject
Project("{9A19103F-16F7-4668-BE54-9A1E7A4F7556}") = "Messages", "Messages\Messages.csproj", "{B6BB3294-325F-4DE5-945B-1FE3D7A64CF4}"
EndProject
Project("{9A19103F-16F7-4668-BE54-9A1E7A4F7556}") = "Shared", "Shared\Shared.csproj", "{2050689D-6ACC-4108-80EB-9026AD411BB4}"
EndProject
Project("{FAE04EC0-301F-11D3-BF4B-00C04F79EFBC}") = "Consumer.AzureFunction", "Consumer.AzureFunction\Consumer.AzureFunction.csproj", "{E5B8E41F-1C74-49D9-8185-CB6A49C6DA4B}"
EndProject
Global
	GlobalSection(SolutionConfigurationPlatforms) = preSolution
		Debug|Any CPU = Debug|Any CPU
		Release|Any CPU = Release|Any CPU
	EndGlobalSection
	GlobalSection(ProjectConfigurationPlatforms) = postSolution
		{41DE5DE7-065C-41DC-86A5-21DAC317D6A4}.Debug|Any CPU.ActiveCfg = Debug|Any CPU
		{41DE5DE7-065C-41DC-86A5-21DAC317D6A4}.Debug|Any CPU.Build.0 = Debug|Any CPU
		{41DE5DE7-065C-41DC-86A5-21DAC317D6A4}.Release|Any CPU.ActiveCfg = Release|Any CPU
		{41DE5DE7-065C-41DC-86A5-21DAC317D6A4}.Release|Any CPU.Build.0 = Release|Any CPU
		{B8B4581B-230D-4C47-B300-6CBC60317822}.Debug|Any CPU.ActiveCfg = Debug|Any CPU
		{B8B4581B-230D-4C47-B300-6CBC60317822}.Debug|Any CPU.Build.0 = Debug|Any CPU
		{B8B4581B-230D-4C47-B300-6CBC60317822}.Release|Any CPU.ActiveCfg = Release|Any CPU
		{B8B4581B-230D-4C47-B300-6CBC60317822}.Release|Any CPU.Build.0 = Release|Any CPU
		{B6BB3294-325F-4DE5-945B-1FE3D7A64CF4}.Debug|Any CPU.ActiveCfg = Debug|Any CPU
		{B6BB3294-325F-4DE5-945B-1FE3D7A64CF4}.Debug|Any CPU.Build.0 = Debug|Any CPU
		{B6BB3294-325F-4DE5-945B-1FE3D7A64CF4}.Release|Any CPU.ActiveCfg = Release|Any CPU
		{B6BB3294-325F-4DE5-945B-1FE3D7A64CF4}.Release|Any CPU.Build.0 = Release|Any CPU
		{2050689D-6ACC-4108-80EB-9026AD411BB4}.Debug|Any CPU.ActiveCfg = Debug|Any CPU
		{2050689D-6ACC-4108-80EB-9026AD411BB4}.Debug|Any CPU.Build.0 = Debug|Any CPU
		{2050689D-6ACC-4108-80EB-9026AD411BB4}.Release|Any CPU.ActiveCfg = Release|Any CPU
		{2050689D-6ACC-4108-80EB-9026AD411BB4}.Release|Any CPU.Build.0 = Release|Any CPU
		{E5B8E41F-1C74-49D9-8185-CB6A49C6DA4B}.Debug|Any CPU.ActiveCfg = Debug|Any CPU
		{E5B8E41F-1C74-49D9-8185-CB6A49C6DA4B}.Debug|Any CPU.Build.0 = Debug|Any CPU
		{E5B8E41F-1C74-49D9-8185-CB6A49C6DA4B}.Release|Any CPU.ActiveCfg = Release|Any CPU
		{E5B8E41F-1C74-49D9-8185-CB6A49C6DA4B}.Release|Any CPU.Build.0 = Release|Any CPU
	EndGlobalSection
	GlobalSection(SolutionProperties) = preSolution
		HideSolutionNode = FALSE
	EndGlobalSection
	GlobalSection(ExtensibilityGlobals) = postSolution
		SolutionGuid = {E8B5E5F4-2440-41EF-9160-FEB0EEBB66B5}
	EndGlobalSection
EndGlobal
